<?xml version="1.0" encoding="utf-8"?>
<Project ToolsVersion="4.0" xmlns="http://schemas.microsoft.com/developer/msbuild/2003">
  <ItemGroup>
    <ClInclude Include="Common.h" />
    <ClInclude Include="DrawingEffect.h" />
    <ClInclude Include="EditableLayout.h" />
    <ClInclude Include="mj_common.h" />
    <ClInclude Include="mj_math.h" />
    <ClInclude Include="ncrt_memory.h" />
    <ClInclude Include="PadWrite.h" />
    <ClInclude Include="RenderTarget.h" />
    <ClInclude Include="resource.h" />
    <ClInclude Include="sse_mathfun.h" />
    <ClInclude Include="TextEditor.h" />
  </ItemGroup>
  <ItemGroup>
    <ClCompile Include="EditableLayout.cpp" />
    <ClCompile Include="mj_math.cpp" />
    <ClCompile Include="ncrt_math_float.cpp" />
    <ClCompile Include="ncrt_memory.cpp" />
    <ClCompile Include="PadWrite.cpp" />
    <ClCompile Include="RenderTarget.cpp" />
    <ClCompile Include="TextEditor.cpp" />
  </ItemGroup>
  <ItemGroup>
    <Image Include="InlineObjects.png" />
  </ItemGroup>
  <ItemGroup>
    <CustomBuild Include="PadWrite.manifest" />
  </ItemGroup>
  <ItemGroup>
    <ResourceCompile Include="PadWrite.rc" />
  </ItemGroup>
</Project>